
Microsoft Visual Studio Solution File, Format Version 12.00
# Visual Studio Version 16
VisualStudioVersion = 16.0.30907.101
MinimumVisualStudioVersion = 10.0.40219.1
Project("{FAE04EC0-301F-11D3-BF4B-00C04F79EFBC}") = "MyQuranIndo.Android", "MyQuranIndo\MyQuranIndo.Android\MyQuranIndo.Android.csproj", "{1AB1814E-3116-4F12-9991-8494608EC070}"
EndProject
Project("{FAE04EC0-301F-11D3-BF4B-00C04F79EFBC}") = "MyQuranIndo.iOS", "MyQuranIndo\MyQuranIndo.iOS\MyQuranIndo.iOS.csproj", "{F3C9511A-5A34-4BA0-B524-2E2E6CE55748}"
EndProject
Project("{FAE04EC0-301F-11D3-BF4B-00C04F79EFBC}") = "MyQuranIndo", "MyQuranIndo\MyQuranIndo\MyQuranIndo.csproj", "{E74DC19A-B32B-4F7A-946C-FA809DACFE70}"
EndProject
Global
	GlobalSection(SolutionConfigurationPlatforms) = preSolution
		Debug|Any CPU = Debug|Any CPU
		Debug|iPhone = Debug|iPhone
		Debug|iPhoneSimulator = Debug|iPhoneSimulator
		Release|Any CPU = Release|Any CPU
		Release|iPhone = Release|iPhone
		Release|iPhoneSimulator = Release|iPhoneSimulator
	EndGlobalSection
	GlobalSection(ProjectConfigurationPlatforms) = postSolution
		{1AB1814E-3116-4F12-9991-8494608EC070}.Debug|Any CPU.ActiveCfg = Debug|Any CPU
		{1AB1814E-3116-4F12-9991-8494608EC070}.Debug|Any CPU.Build.0 = Debug|Any CPU
		{1AB1814E-3116-4F12-9991-8494608EC070}.Debug|Any CPU.Deploy.0 = Debug|Any CPU
		{1AB1814E-3116-4F12-9991-8494608EC070}.Debug|iPhone.ActiveCfg = Debug|Any CPU
		{1AB1814E-3116-4F12-9991-8494608EC070}.Debug|iPhone.Build.0 = Debug|Any CPU
		{1AB1814E-3116-4F12-9991-8494608EC070}.Debug|iPhone.Deploy.0 = Debug|Any CPU
		{1AB1814E-3116-4F12-9991-8494608EC070}.Debug|iPhoneSimulator.ActiveCfg = Debug|Any CPU
		{1AB1814E-3116-4F12-9991-8494608EC070}.Debug|iPhoneSimulator.Build.0 = Debug|Any CPU
		{1AB1814E-3116-4F12-9991-8494608EC070}.Debug|iPhoneSimulator.Deploy.0 = Debug|Any CPU
		{1AB1814E-3116-4F12-9991-8494608EC070}.Release|Any CPU.ActiveCfg = Release|Any CPU
		{1AB1814E-3116-4F12-9991-8494608EC070}.Release|Any CPU.Build.0 = Release|Any CPU
		{1AB1814E-3116-4F12-9991-8494608EC070}.Release|Any CPU.Deploy.0 = Release|Any CPU
		{1AB1814E-3116-4F12-9991-8494608EC070}.Release|iPhone.ActiveCfg = Release|Any CPU
		{1AB1814E-3116-4F12-9991-8494608EC070}.Release|iPhone.Build.0 = Release|Any CPU
		{1AB1814E-3116-4F12-9991-8494608EC070}.Release|iPhone.Deploy.0 = Release|Any CPU
		{1AB1814E-3116-4F12-9991-8494608EC070}.Release|iPhoneSimulator.ActiveCfg = Release|Any CPU
		{1AB1814E-3116-4F12-9991-8494608EC070}.Release|iPhoneSimulator.Build.0 = Release|Any CPU
		{1AB1814E-3116-4F12-9991-8494608EC070}.Release|iPhoneSimulator.Deploy.0 = Release|Any CPU
		{F3C9511A-5A34-4BA0-B524-2E2E6CE55748}.Debug|Any CPU.ActiveCfg = Debug|iPhone
		{F3C9511A-5A34-4BA0-B524-2E2E6CE55748}.Debug|Any CPU.Build.0 = Debug|iPhone
		{F3C9511A-5A34-4BA0-B524-2E2E6CE55748}.Debug|Any CPU.Deploy.0 = Debug|iPhone
		{F3C9511A-5A34-4BA0-B524-2E2E6CE55748}.Debug|iPhone.ActiveCfg = Debug|iPhone
		{F3C9511A-5A34-4BA0-B524-2E2E6CE55748}.Debug|iPhone.Build.0 = Debug|iPhone
		{F3C9511A-5A34-4BA0-B524-2E2E6CE55748}.Debug|iPhone.Deploy.0 = Debug|iPhone
		{F3C9511A-5A34-4BA0-B524-2E2E6CE55748}.Debug|iPhoneSimulator.ActiveCfg = Debug|iPhoneSimulator
		{F3C9511A-5A34-4BA0-B524-2E2E6CE55748}.Debug|iPhoneSimulator.Build.0 = Debug|iPhoneSimulator
		{F3C9511A-5A34-4BA0-B524-2E2E6CE55748}.Debug|iPhoneSimulator.Deploy.0 = Debug|iPhoneSimulator
		{F3C9511A-5A34-4BA0-B524-2E2E6CE55748}.Release|Any CPU.ActiveCfg = Release|iPhoneSimulator
		{F3C9511A-5A34-4BA0-B524-2E2E6CE55748}.Release|Any CPU.Build.0 = Release|iPhoneSimulator
		{F3C9511A-5A34-4BA0-B524-2E2E6CE55748}.Release|Any CPU.Deploy.0 = Release|iPhoneSimulator
		{F3C9511A-5A34-4BA0-B524-2E2E6CE55748}.Release|iPhone.ActiveCfg = Release|iPhone
		{F3C9511A-5A34-4BA0-B524-2E2E6CE55748}.Release|iPhone.Build.0 = Release|iPhone
		{F3C9511A-5A34-4BA0-B524-2E2E6CE55748}.Release|iPhone.Deploy.0 = Release|iPhone
		{F3C9511A-5A34-4BA0-B524-2E2E6CE55748}.Release|iPhoneSimulator.ActiveCfg = Release|iPhoneSimulator
		{F3C9511A-5A34-4BA0-B524-2E2E6CE55748}.Release|iPhoneSimulator.Build.0 = Release|iPhoneSimulator
		{F3C9511A-5A34-4BA0-B524-2E2E6CE55748}.Release|iPhoneSimulator.Deploy.0 = Release|iPhoneSimulator
		{E74DC19A-B32B-4F7A-946C-FA809DACFE70}.Debug|Any CPU.ActiveCfg = Debug|Any CPU
		{E74DC19A-B32B-4F7A-946C-FA809DACFE70}.Debug|Any CPU.Build.0 = Debug|Any CPU
		{E74DC19A-B32B-4F7A-946C-FA809DACFE70}.Debug|Any CPU.Deploy.0 = Debug|Any CPU
		{E74DC19A-B32B-4F7A-946C-FA809DACFE70}.Debug|iPhone.ActiveCfg = Debug|Any CPU
		{E74DC19A-B32B-4F7A-946C-FA809DACFE70}.Debug|iPhone.Build.0 = Debug|Any CPU
		{E74DC19A-B32B-4F7A-946C-FA809DACFE70}.Debug|iPhone.Deploy.0 = Debug|Any CPU
		{E74DC19A-B32B-4F7A-946C-FA809DACFE70}.Debug|iPhoneSimulator.ActiveCfg = Debug|Any CPU
		{E74DC19A-B32B-4F7A-946C-FA809DACFE70}.Debug|iPhoneSimulator.Build.0 = Debug|Any CPU
		{E74DC19A-B32B-4F7A-946C-FA809DACFE70}.Debug|iPhoneSimulator.Deploy.0 = Debug|Any CPU
		{E74DC19A-B32B-4F7A-946C-FA809DACFE70}.Release|Any CPU.ActiveCfg = Release|Any CPU
		{E74DC19A-B32B-4F7A-946C-FA809DACFE70}.Release|Any CPU.Build.0 = Release|Any CPU
		{E74DC19A-B32B-4F7A-946C-FA809DACFE70}.Release|Any CPU.Deploy.0 = Release|Any CPU
		{E74DC19A-B32B-4F7A-946C-FA809DACFE70}.Release|iPhone.ActiveCfg = Release|Any CPU
		{E74DC19A-B32B-4F7A-946C-FA809DACFE70}.Release|iPhone.Build.0 = Release|Any CPU
		{E74DC19A-B32B-4F7A-946C-FA809DACFE70}.Release|iPhone.Deploy.0 = Release|Any CPU
		{E74DC19A-B32B-4F7A-946C-FA809DACFE70}.Release|iPhoneSimulator.ActiveCfg = Release|Any CPU
		{E74DC19A-B32B-4F7A-946C-FA809DACFE70}.Release|iPhoneSimulator.Build.0 = Release|Any CPU
		{E74DC19A-B32B-4F7A-946C-FA809DACFE70}.Release|iPhoneSimulator.Deploy.0 = Release|Any CPU
	EndGlobalSection
	GlobalSection(SolutionProperties) = preSolution
		HideSolutionNode = FALSE
	EndGlobalSection
	GlobalSection(ExtensibilityGlobals) = postSolution
		SolutionGuid = {32791C4C-EAAA-473E-916D-17AD0C7967F9}
	EndGlobalSection
EndGlobal
